
Microsoft Visual Studio Solution File, Format Version 12.00
# Visual Studio Version 17
VisualStudioVersion = 17.0.32112.339
MinimumVisualStudioVersion = 10.0.40219.1
Project("{9A19103F-16F7-4668-BE54-9A1E7A4F7556}") = "WA.Pizza.Web", "WA.Pizza.Web\WA.Pizza.Web.csproj", "{03A38FB1-3856-49AA-BC72-848A3B3AF118}"
EndProject
Project("{9A19103F-16F7-4668-BE54-9A1E7A4F7556}") = "WA.Pizza.Infrastructure", "WA.Pizza.Infrastructure\WA.Pizza.Infrastructure.csproj", "{0B86BE68-758D-404E-BFC5-DF52082D3006}"
EndProject
Project("{9A19103F-16F7-4668-BE54-9A1E7A4F7556}") = "WA.Pizza.Core", "WA.Pizza.Core\WA.Pizza.Core.csproj", "{E621E5CB-4BA8-45C2-9EC8-0BB136B7DE38}"
EndProject
Project("{FAE04EC0-301F-11D3-BF4B-00C04F79EFBC}") = "Pizzeria.Tests", "Pizzeria.Tests\Pizzeria.Tests.csproj", "{A9934344-9BCE-4112-BBA1-ED01037D9812}"
EndProject
Global
	GlobalSection(SolutionConfigurationPlatforms) = preSolution
		Debug|Any CPU = Debug|Any CPU
		Release|Any CPU = Release|Any CPU
	EndGlobalSection
	GlobalSection(ProjectConfigurationPlatforms) = postSolution
		{03A38FB1-3856-49AA-BC72-848A3B3AF118}.Debug|Any CPU.ActiveCfg = Debug|Any CPU
		{03A38FB1-3856-49AA-BC72-848A3B3AF118}.Debug|Any CPU.Build.0 = Debug|Any CPU
		{03A38FB1-3856-49AA-BC72-848A3B3AF118}.Release|Any CPU.ActiveCfg = Release|Any CPU
		{03A38FB1-3856-49AA-BC72-848A3B3AF118}.Release|Any CPU.Build.0 = Release|Any CPU
		{0B86BE68-758D-404E-BFC5-DF52082D3006}.Debug|Any CPU.ActiveCfg = Debug|Any CPU
		{0B86BE68-758D-404E-BFC5-DF52082D3006}.Debug|Any CPU.Build.0 = Debug|Any CPU
		{0B86BE68-758D-404E-BFC5-DF52082D3006}.Release|Any CPU.ActiveCfg = Release|Any CPU
		{0B86BE68-758D-404E-BFC5-DF52082D3006}.Release|Any CPU.Build.0 = Release|Any CPU
		{E621E5CB-4BA8-45C2-9EC8-0BB136B7DE38}.Debug|Any CPU.ActiveCfg = Debug|Any CPU
		{E621E5CB-4BA8-45C2-9EC8-0BB136B7DE38}.Debug|Any CPU.Build.0 = Debug|Any CPU
		{E621E5CB-4BA8-45C2-9EC8-0BB136B7DE38}.Release|Any CPU.ActiveCfg = Release|Any CPU
		{E621E5CB-4BA8-45C2-9EC8-0BB136B7DE38}.Release|Any CPU.Build.0 = Release|Any CPU
		{A9934344-9BCE-4112-BBA1-ED01037D9812}.Debug|Any CPU.ActiveCfg = Debug|Any CPU
		{A9934344-9BCE-4112-BBA1-ED01037D9812}.Debug|Any CPU.Build.0 = Debug|Any CPU
		{A9934344-9BCE-4112-BBA1-ED01037D9812}.Release|Any CPU.ActiveCfg = Release|Any CPU
		{A9934344-9BCE-4112-BBA1-ED01037D9812}.Release|Any CPU.Build.0 = Release|Any CPU
	EndGlobalSection
	GlobalSection(SolutionProperties) = preSolution
		HideSolutionNode = FALSE
	EndGlobalSection
	GlobalSection(ExtensibilityGlobals) = postSolution
		SolutionGuid = {8353C9A0-174B-49A8-9E8F-5EF065D13F8F}
	EndGlobalSection
EndGlobal
